
Microsoft Visual Studio Solution File, Format Version 12.00
# Visual Studio Version 17
VisualStudioVersion = 17.7.34221.43
MinimumVisualStudioVersion = 10.0.40219.1
Project("{FAE04EC0-301F-11D3-BF4B-00C04F79EFBC}") = "32uvarov", "32uvarov\32uvarov.csproj", "{048FACF9-A5AD-4720-84F7-2AB96EDD561F}"
EndProject
Global
	GlobalSection(SolutionConfigurationPlatforms) = preSolution
		Debug|Any CPU = Debug|Any CPU
		Release|Any CPU = Release|Any CPU
	EndGlobalSection
	GlobalSection(ProjectConfigurationPlatforms) = postSolution
		{048FACF9-A5AD-4720-84F7-2AB96EDD561F}.Debug|Any CPU.ActiveCfg = Debug|Any CPU
		{048FACF9-A5AD-4720-84F7-2AB96EDD561F}.Debug|Any CPU.Build.0 = Debug|Any CPU
		{048FACF9-A5AD-4720-84F7-2AB96EDD561F}.Release|Any CPU.ActiveCfg = Release|Any CPU
		{048FACF9-A5AD-4720-84F7-2AB96EDD561F}.Release|Any CPU.Build.0 = Release|Any CPU
	EndGlobalSection
	GlobalSection(SolutionProperties) = preSolution
		HideSolutionNode = FALSE
	EndGlobalSection
	GlobalSection(ExtensibilityGlobals) = postSolution
		SolutionGuid = {5BC31C81-9973-4790-B6DF-A3FEEF5BAD8E}
	EndGlobalSection
EndGlobal
